{
  "version": 4,
  "terraform_version": "1.3.6",
  "serial": 561,
  "lineage": "e48bac9b-18ac-45a6-42ad-b5e369e07586",
  "outputs": {},
  "resources": [
    {
      "mode": "data",
      "type": "aws_ami_ids",
      "name": "ubuntu",
      "provider": "provider[\"registry.terraform.io/hashicorp/aws\"]",
      "instances": [
        {
          "schema_version": 0,
          "attributes": {
            "executable_users": null,
            "filter": [
              {
                "name": "name",
                "values": [
                  "ubuntu/images/ubuntu-*-*-x86_64-server-*"
                ]
              }
            ],
            "id": "4045790",
            "ids": [],
            "name_regex": null,
            "owners": [
              "amazon"
            ],
            "sort_ascending": false,
            "timeouts": null
          },
          "sensitive_attributes": []
        }
      ]
    },
    {
      "mode": "data",
      "type": "aws_subnets",
      "name": "project_public_subnet",
      "provider": "provider[\"registry.terraform.io/hashicorp/aws\"]",
      "instances": [
        {
          "schema_version": 0,
          "attributes": {
            "filter": [
              {
                "name": "tag:Public",
                "values": [
                  "true"
                ]
              },
              {
                "name": "vpc-id",
                "values": [
                  "vpc-00ba11469c57d95b0"
                ]
              }
            ],
            "id": "us-west-2",
            "ids": [],
            "tags": null,
            "timeouts": null
          },
          "sensitive_attributes": []
        }
      ]
    },
    {
      "mode": "data",
      "type": "cloudinit_config",
      "name": "server_config",
      "provider": "provider[\"registry.terraform.io/hashicorp/cloudinit\"]",
      "instances": [
        {
          "schema_version": 0,
          "attributes": {
            "base64_encode": true,
            "boundary": "MIMEBOUNDARY",
            "gzip": true,
            "id": "1191314235",
            "part": [
              {
                "content": "#cloud-config\nwrite_files: \n  - path: /run/myserver/index.html\n    owner: root:root\n    permissions: \"0644\"\n    content: \"\u003ch1\u003ecloud init was here\u003c/h1\u003e\"\nruncmd:\n  - apt-get update\n  - sudo apt-get install nginx -y\n  - sudo mv /run/myserver/index.html /var/www/html/index.html\n  - sudo systemctl enable --no-block nginx \n  - systemctl start --no-block nginx ",
                "content_type": "text/cloud-config",
                "filename": "",
                "merge_type": ""
              }
            ],
            "rendered": "H4sIAAAAAAAA/3SRXavUMBCG7wP9D0O9zslZOCjE4wE/zoUXqyAqeCVpM9sGk0mZTLftv5d2l3V18SYwL0/yvGHeZxIk0V+XAS2kMUoYHItJYUb/Gpo8kne8vKn3H/fP7z5/+/Th7ZcftVon/R25hEwWdnf3laqU1tdQpS5vs6NyQNbP1GYfqLPwqglyBWxywVlMG/PodZvpELpK7UPCG82La0ZNHAR/HkLEYkEBaBic9BYMj2TSUpCPyCaQx/mulxQVAECeCNkC5yx2PbZwQE6hrKpiob5/+fBQb3l7ammhfux3T5scAgWByRXokfHR9LunWvFIbfJ26+AG0R0KjIN3gltURp8veaAiLkagLtAMevlDpON/q4M5OjbTNJl1+vtP59tlKYKplQhIrokIWlPWTcztr7PrxF6wIo7llvp3mVpX6ncAAAD//yenSTYrAgAA"
          },
          "sensitive_attributes": []
        }
      ]
    },
    {
      "mode": "managed",
      "type": "aws_instance",
      "name": "app-ec2",
      "provider": "provider[\"registry.terraform.io/hashicorp/aws\"]",
      "instances": []
    },
    {
      "mode": "managed",
      "type": "aws_key_pair",
      "name": "aakash_key",
      "provider": "provider[\"registry.terraform.io/hashicorp/aws\"]",
      "instances": [
        {
          "schema_version": 1,
          "attributes": {
            "arn": "arn:aws:ec2:us-west-2:870321390265:key-pair/aakash_key",
            "fingerprint": "5f:27:d9:6d:12:70:20:b3:61:3a:f1:44:b5:c2:7c:ee",
            "id": "aakash_key",
            "key_name": "aakash_key",
            "key_name_prefix": "",
            "key_pair_id": "key-06f7e784e664a4a6b",
            "key_type": "rsa",
            "public_key": "ssh-rsa AAAAB3NzaC1yc2EAAAADAQABAAACAQDLtWL64nBLCZFg6tCkv7ufkapxMwDashw/BiJmjHeHExvvOL0VMATTLUJbasPn1aB+Nv1S8Gnrh4OWdtzjSz3IpHL1gyB1/zRnwxjZwqno/meRZzDl0se56PqLmOn8UZ5/LeFtdhutF4yFnd8/el0w2pF6GemEmzzsPAOSOI3zQI9rtR5bdrHjqcP0LoBQCD9xqQbzzd+Tf6Ip9DCoZPBJZqNVe6k/KE2h38tSUuNWKj0s7HC2bQ6AiJyxFqVWUywU4oPKCaH9r2I/pOh/yYzFd+M4ckxZ/tjA7ZCzLd4alBMOgvdFniakrrFap073X4skVlaFyNfOLTRZ8clR5/A4dlmr5rWrE4aB61KEtiBXPvbf3ImVLuG1BYHfYUjAQjK3cno7H1JTu713GexK4rbDcdvYhEVh+fq/xc1Y4AMzk3PFBq2saNLhJ/1b7TYaNJwiDb5twv8QKrE1sX2lMs3mfVAObDzJZBCRIqvhdL17688Y+uHsHex0spE4cjtmBYLOYbH5GZHU+JzEgVpjBsGaOjFunXhLOxwpW6ub/pnmC6X8ouuIL2/NWzyEjUCH7GL7nQi/aM5imrJTo0lKTYQ9wDn06gX+A8ZiCJ4pHS5N5MM3yHOefEveHJTPH9eYYIByEgxTPSM23se6LmH47ln8f6aKjh09UYfVtiirAR/tSQ== aakash.kapur@gravitontrading.com",
            "tags": null,
            "tags_all": {}
          },
          "sensitive_attributes": [],
          "private": "eyJzY2hlbWFfdmVyc2lvbiI6IjEifQ=="
        }
      ]
    },
    {
      "mode": "managed",
      "type": "aws_security_group",
      "name": "app-sg",
      "provider": "provider[\"registry.terraform.io/hashicorp/aws\"]",
      "instances": [
        {
          "schema_version": 1,
          "attributes": {
            "arn": "arn:aws:ec2:us-west-2:870321390265:security-group/sg-0cac259dcadfca608",
            "description": "Managed by Terraform",
            "egress": [
              {
                "cidr_blocks": [
                  "0.0.0.0/0"
                ],
                "description": "",
                "from_port": 0,
                "ipv6_cidr_blocks": [
                  "::/0"
                ],
                "prefix_list_ids": [],
                "protocol": "-1",
                "security_groups": [],
                "self": false,
                "to_port": 0
              }
            ],
            "id": "sg-0cac259dcadfca608",
            "ingress": [
              {
                "cidr_blocks": [
                  "0.0.0.0/0"
                ],
                "description": "SSH from VPC",
                "from_port": 22,
                "ipv6_cidr_blocks": [],
                "prefix_list_ids": [],
                "protocol": "tcp",
                "security_groups": [],
                "self": false,
                "to_port": 22
              },
              {
                "cidr_blocks": [
                  "0.0.0.0/0"
                ],
                "description": "SSH from VPC",
                "from_port": 80,
                "ipv6_cidr_blocks": [],
                "prefix_list_ids": [],
                "protocol": "tcp",
                "security_groups": [],
                "self": false,
                "to_port": 80
              }
            ],
            "name": "Allow SSH and ICMP",
            "name_prefix": "",
            "owner_id": "870321390265",
            "revoke_rules_on_delete": false,
            "tags": null,
            "tags_all": {},
            "timeouts": null,
            "vpc_id": "vpc-00ba11469c57d95b0"
          },
          "sensitive_attributes": [],
          "private": "eyJlMmJmYjczMC1lY2FhLTExZTYtOGY4OC0zNDM2M2JjN2M0YzAiOnsiY3JlYXRlIjo2MDAwMDAwMDAwMDAsImRlbGV0ZSI6OTAwMDAwMDAwMDAwfSwic2NoZW1hX3ZlcnNpb24iOiIxIn0=",
          "dependencies": [
            "module.project_vpc.aws_vpc.project_vpc"
          ]
        }
      ]
    },
    {
      "mode": "managed",
      "type": "random_id",
      "name": "index",
      "provider": "provider[\"registry.terraform.io/hashicorp/random\"]",
      "instances": [
        {
          "schema_version": 0,
          "attributes": {
            "b64_std": "ZZE=",
            "b64_url": "ZZE",
            "byte_length": 2,
            "dec": "26001",
            "hex": "6591",
            "id": "ZZE",
            "keepers": null,
            "prefix": null
          },
          "sensitive_attributes": []
        }
      ]
    },
    {
      "module": "module.project_vpc",
      "mode": "data",
      "type": "aws_availability_zones",
      "name": "azs",
      "provider": "module.project_vpc.provider[\"registry.terraform.io/hashicorp/aws\"]",
      "instances": [
        {
          "schema_version": 0,
          "attributes": {
            "all_availability_zones": null,
            "exclude_names": null,
            "exclude_zone_ids": null,
            "filter": [
              {
                "name": "group-name",
                "values": [
                  "us-west-2"
                ]
              }
            ],
            "group_names": [
              "us-west-2"
            ],
            "id": "us-west-2",
            "names": [
              "us-west-2a",
              "us-west-2b",
              "us-west-2c",
              "us-west-2d"
            ],
            "state": null,
            "timeouts": null,
            "zone_ids": [
              "usw2-az1",
              "usw2-az2",
              "usw2-az3",
              "usw2-az4"
            ]
          },
          "sensitive_attributes": []
        }
      ]
    },
    {
      "module": "module.project_vpc",
      "mode": "managed",
      "type": "aws_internet_gateway",
      "name": "project_igw",
      "provider": "module.project_vpc.provider[\"registry.terraform.io/hashicorp/aws\"]",
      "instances": [
        {
          "schema_version": 0,
          "attributes": {
            "arn": "arn:aws:ec2:us-west-2:870321390265:internet-gateway/igw-0aff26fecc49b6a17",
            "id": "igw-0aff26fecc49b6a17",
            "owner_id": "870321390265",
            "tags": {
              "Name": "project_igw"
            },
            "tags_all": {
              "Name": "project_igw"
            },
            "timeouts": null,
            "vpc_id": "vpc-00ba11469c57d95b0"
          },
          "sensitive_attributes": [],
          "private": "eyJlMmJmYjczMC1lY2FhLTExZTYtOGY4OC0zNDM2M2JjN2M0YzAiOnsiY3JlYXRlIjoxMjAwMDAwMDAwMDAwLCJkZWxldGUiOjEyMDAwMDAwMDAwMDAsInVwZGF0ZSI6MTIwMDAwMDAwMDAwMH19",
          "dependencies": [
            "module.project_vpc.aws_vpc.project_vpc"
          ]
        }
      ]
    },
    {
      "module": "module.project_vpc",
      "mode": "managed",
      "type": "aws_route",
      "name": "project_secondary_rt_routes",
      "provider": "module.project_vpc.provider[\"registry.terraform.io/hashicorp/aws\"]",
      "instances": [
        {
          "schema_version": 0,
          "attributes": {
            "carrier_gateway_id": "",
            "core_network_arn": "",
            "destination_cidr_block": "0.0.0.0/0",
            "destination_ipv6_cidr_block": "",
            "destination_prefix_list_id": "",
            "egress_only_gateway_id": "",
            "gateway_id": "igw-0aff26fecc49b6a17",
            "id": "r-rtb-0bcc51d4eebc7ca581080289494",
            "instance_id": "",
            "instance_owner_id": "",
            "local_gateway_id": "",
            "nat_gateway_id": "",
            "network_interface_id": "",
            "origin": "CreateRoute",
            "route_table_id": "rtb-0bcc51d4eebc7ca58",
            "state": "active",
            "timeouts": null,
            "transit_gateway_id": "",
            "vpc_endpoint_id": "",
            "vpc_peering_connection_id": ""
          },
          "sensitive_attributes": [],
          "private": "eyJlMmJmYjczMC1lY2FhLTExZTYtOGY4OC0zNDM2M2JjN2M0YzAiOnsiY3JlYXRlIjozMDAwMDAwMDAwMDAsImRlbGV0ZSI6MzAwMDAwMDAwMDAwLCJ1cGRhdGUiOjEyMDAwMDAwMDAwMH19",
          "dependencies": [
            "module.project_vpc.aws_internet_gateway.project_igw",
            "module.project_vpc.aws_route_table.project_secondary_rt",
            "module.project_vpc.aws_vpc.project_vpc"
          ]
        }
      ]
    },
    {
      "module": "module.project_vpc",
      "mode": "managed",
      "type": "aws_route_table",
      "name": "project_secondary_rt",
      "provider": "module.project_vpc.provider[\"registry.terraform.io/hashicorp/aws\"]",
      "instances": [
        {
          "schema_version": 0,
          "attributes": {
            "arn": "arn:aws:ec2:us-west-2:870321390265:route-table/rtb-0bcc51d4eebc7ca58",
            "id": "rtb-0bcc51d4eebc7ca58",
            "owner_id": "870321390265",
            "propagating_vgws": [],
            "route": [],
            "tags": {
              "Name": "project_secondary_rt"
            },
            "tags_all": {
              "Name": "project_secondary_rt"
            },
            "timeouts": null,
            "vpc_id": "vpc-00ba11469c57d95b0"
          },
          "sensitive_attributes": [],
          "private": "eyJlMmJmYjczMC1lY2FhLTExZTYtOGY4OC0zNDM2M2JjN2M0YzAiOnsiY3JlYXRlIjozMDAwMDAwMDAwMDAsImRlbGV0ZSI6MzAwMDAwMDAwMDAwLCJ1cGRhdGUiOjEyMDAwMDAwMDAwMH19",
          "dependencies": [
            "module.project_vpc.aws_vpc.project_vpc"
          ]
        }
      ]
    },
    {
      "module": "module.project_vpc",
      "mode": "managed",
      "type": "aws_route_table_association",
      "name": "project_secondary_rt_association",
      "provider": "module.project_vpc.provider[\"registry.terraform.io/hashicorp/aws\"]",
      "instances": [
        {
          "index_key": 0,
          "schema_version": 0,
          "attributes": {
            "gateway_id": "",
            "id": "rtbassoc-05e7848170d9f8e5f",
            "route_table_id": "rtb-0bcc51d4eebc7ca58",
            "subnet_id": "subnet-0e60c16b31785bd58"
          },
          "sensitive_attributes": [],
          "private": "bnVsbA==",
          "dependencies": [
            "module.project_vpc.aws_route_table.project_secondary_rt",
            "module.project_vpc.aws_subnet.project_public_subnet",
            "module.project_vpc.aws_vpc.project_vpc",
            "module.project_vpc.data.aws_availability_zones.azs"
          ]
        },
        {
          "index_key": 1,
          "schema_version": 0,
          "attributes": {
            "gateway_id": "",
            "id": "rtbassoc-012cd914758bfe3f5",
            "route_table_id": "rtb-0bcc51d4eebc7ca58",
            "subnet_id": "subnet-044c9ac7db8a851b9"
          },
          "sensitive_attributes": [],
          "private": "bnVsbA==",
          "dependencies": [
            "module.project_vpc.aws_route_table.project_secondary_rt",
            "module.project_vpc.aws_subnet.project_public_subnet",
            "module.project_vpc.aws_vpc.project_vpc",
            "module.project_vpc.data.aws_availability_zones.azs"
          ]
        },
        {
          "index_key": 2,
          "schema_version": 0,
          "attributes": {
            "gateway_id": "",
            "id": "rtbassoc-04519bba3d495e196",
            "route_table_id": "rtb-0bcc51d4eebc7ca58",
            "subnet_id": "subnet-0f36d4b869f9b1cc0"
          },
          "sensitive_attributes": [],
          "private": "bnVsbA==",
          "dependencies": [
            "module.project_vpc.aws_route_table.project_secondary_rt",
            "module.project_vpc.aws_subnet.project_public_subnet",
            "module.project_vpc.aws_vpc.project_vpc",
            "module.project_vpc.data.aws_availability_zones.azs"
          ]
        }
      ]
    },
    {
      "module": "module.project_vpc",
      "mode": "managed",
      "type": "aws_subnet",
      "name": "project_private_subnet",
      "provider": "module.project_vpc.provider[\"registry.terraform.io/hashicorp/aws\"]",
      "instances": [
        {
          "index_key": 0,
          "schema_version": 1,
          "attributes": {
            "arn": "arn:aws:ec2:us-west-2:870321390265:subnet/subnet-023f008be135ce0fd",
            "assign_ipv6_address_on_creation": false,
            "availability_zone": "us-west-2a",
            "availability_zone_id": "usw2-az1",
            "cidr_block": "10.0.4.0/24",
            "customer_owned_ipv4_pool": "",
            "enable_dns64": false,
            "enable_resource_name_dns_a_record_on_launch": false,
            "enable_resource_name_dns_aaaa_record_on_launch": false,
            "id": "subnet-023f008be135ce0fd",
            "ipv6_cidr_block": "",
            "ipv6_cidr_block_association_id": "",
            "ipv6_native": false,
            "map_customer_owned_ip_on_launch": false,
            "map_public_ip_on_launch": false,
            "outpost_arn": "",
            "owner_id": "870321390265",
            "private_dns_hostname_type_on_launch": "ip-name",
            "tags": {
              "Name": "project_private_subnet_us-west-2a"
            },
            "tags_all": {
              "Name": "project_private_subnet_us-west-2a"
            },
            "timeouts": null,
            "vpc_id": "vpc-00ba11469c57d95b0"
          },
          "sensitive_attributes": [],
          "private": "eyJlMmJmYjczMC1lY2FhLTExZTYtOGY4OC0zNDM2M2JjN2M0YzAiOnsiY3JlYXRlIjo2MDAwMDAwMDAwMDAsImRlbGV0ZSI6MTIwMDAwMDAwMDAwMH0sInNjaGVtYV92ZXJzaW9uIjoiMSJ9",
          "dependencies": [
            "module.project_vpc.aws_vpc.project_vpc",
            "module.project_vpc.data.aws_availability_zones.azs"
          ]
        },
        {
          "index_key": 1,
          "schema_version": 1,
          "attributes": {
            "arn": "arn:aws:ec2:us-west-2:870321390265:subnet/subnet-06a4d4e75ae64a9f6",
            "assign_ipv6_address_on_creation": false,
            "availability_zone": "us-west-2b",
            "availability_zone_id": "usw2-az2",
            "cidr_block": "10.0.5.0/24",
            "customer_owned_ipv4_pool": "",
            "enable_dns64": false,
            "enable_resource_name_dns_a_record_on_launch": false,
            "enable_resource_name_dns_aaaa_record_on_launch": false,
            "id": "subnet-06a4d4e75ae64a9f6",
            "ipv6_cidr_block": "",
            "ipv6_cidr_block_association_id": "",
            "ipv6_native": false,
            "map_customer_owned_ip_on_launch": false,
            "map_public_ip_on_launch": false,
            "outpost_arn": "",
            "owner_id": "870321390265",
            "private_dns_hostname_type_on_launch": "ip-name",
            "tags": {
              "Name": "project_private_subnet_us-west-2b"
            },
            "tags_all": {
              "Name": "project_private_subnet_us-west-2b"
            },
            "timeouts": null,
            "vpc_id": "vpc-00ba11469c57d95b0"
          },
          "sensitive_attributes": [],
          "private": "eyJlMmJmYjczMC1lY2FhLTExZTYtOGY4OC0zNDM2M2JjN2M0YzAiOnsiY3JlYXRlIjo2MDAwMDAwMDAwMDAsImRlbGV0ZSI6MTIwMDAwMDAwMDAwMH0sInNjaGVtYV92ZXJzaW9uIjoiMSJ9",
          "dependencies": [
            "module.project_vpc.aws_vpc.project_vpc",
            "module.project_vpc.data.aws_availability_zones.azs"
          ]
        },
        {
          "index_key": 2,
          "schema_version": 1,
          "attributes": {
            "arn": "arn:aws:ec2:us-west-2:870321390265:subnet/subnet-0319e1480428db80d",
            "assign_ipv6_address_on_creation": false,
            "availability_zone": "us-west-2c",
            "availability_zone_id": "usw2-az3",
            "cidr_block": "10.0.6.0/24",
            "customer_owned_ipv4_pool": "",
            "enable_dns64": false,
            "enable_resource_name_dns_a_record_on_launch": false,
            "enable_resource_name_dns_aaaa_record_on_launch": false,
            "id": "subnet-0319e1480428db80d",
            "ipv6_cidr_block": "",
            "ipv6_cidr_block_association_id": "",
            "ipv6_native": false,
            "map_customer_owned_ip_on_launch": false,
            "map_public_ip_on_launch": false,
            "outpost_arn": "",
            "owner_id": "870321390265",
            "private_dns_hostname_type_on_launch": "ip-name",
            "tags": {
              "Name": "project_private_subnet_us-west-2c"
            },
            "tags_all": {
              "Name": "project_private_subnet_us-west-2c"
            },
            "timeouts": null,
            "vpc_id": "vpc-00ba11469c57d95b0"
          },
          "sensitive_attributes": [],
          "private": "eyJlMmJmYjczMC1lY2FhLTExZTYtOGY4OC0zNDM2M2JjN2M0YzAiOnsiY3JlYXRlIjo2MDAwMDAwMDAwMDAsImRlbGV0ZSI6MTIwMDAwMDAwMDAwMH0sInNjaGVtYV92ZXJzaW9uIjoiMSJ9",
          "dependencies": [
            "module.project_vpc.aws_vpc.project_vpc",
            "module.project_vpc.data.aws_availability_zones.azs"
          ]
        }
      ]
    },
    {
      "module": "module.project_vpc",
      "mode": "managed",
      "type": "aws_subnet",
      "name": "project_public_subnet",
      "provider": "module.project_vpc.provider[\"registry.terraform.io/hashicorp/aws\"]",
      "instances": [
        {
          "index_key": 0,
          "schema_version": 1,
          "attributes": {
            "arn": "arn:aws:ec2:us-west-2:870321390265:subnet/subnet-0e60c16b31785bd58",
            "assign_ipv6_address_on_creation": false,
            "availability_zone": "us-west-2a",
            "availability_zone_id": "usw2-az1",
            "cidr_block": "10.0.1.0/24",
            "customer_owned_ipv4_pool": "",
            "enable_dns64": false,
            "enable_resource_name_dns_a_record_on_launch": false,
            "enable_resource_name_dns_aaaa_record_on_launch": false,
            "id": "subnet-0e60c16b31785bd58",
            "ipv6_cidr_block": "",
            "ipv6_cidr_block_association_id": "",
            "ipv6_native": false,
            "map_customer_owned_ip_on_launch": false,
            "map_public_ip_on_launch": true,
            "outpost_arn": "",
            "owner_id": "870321390265",
            "private_dns_hostname_type_on_launch": "ip-name",
            "tags": {
              "Name": "project_public_subnet_us-west-2a",
              "Public": "true"
            },
            "tags_all": {
              "Name": "project_public_subnet_us-west-2a",
              "Public": "true"
            },
            "timeouts": null,
            "vpc_id": "vpc-00ba11469c57d95b0"
          },
          "sensitive_attributes": [],
          "private": "eyJlMmJmYjczMC1lY2FhLTExZTYtOGY4OC0zNDM2M2JjN2M0YzAiOnsiY3JlYXRlIjo2MDAwMDAwMDAwMDAsImRlbGV0ZSI6MTIwMDAwMDAwMDAwMH0sInNjaGVtYV92ZXJzaW9uIjoiMSJ9",
          "dependencies": [
            "module.project_vpc.aws_vpc.project_vpc",
            "module.project_vpc.data.aws_availability_zones.azs"
          ]
        },
        {
          "index_key": 1,
          "schema_version": 1,
          "attributes": {
            "arn": "arn:aws:ec2:us-west-2:870321390265:subnet/subnet-044c9ac7db8a851b9",
            "assign_ipv6_address_on_creation": false,
            "availability_zone": "us-west-2b",
            "availability_zone_id": "usw2-az2",
            "cidr_block": "10.0.2.0/24",
            "customer_owned_ipv4_pool": "",
            "enable_dns64": false,
            "enable_resource_name_dns_a_record_on_launch": false,
            "enable_resource_name_dns_aaaa_record_on_launch": false,
            "id": "subnet-044c9ac7db8a851b9",
            "ipv6_cidr_block": "",
            "ipv6_cidr_block_association_id": "",
            "ipv6_native": false,
            "map_customer_owned_ip_on_launch": false,
            "map_public_ip_on_launch": true,
            "outpost_arn": "",
            "owner_id": "870321390265",
            "private_dns_hostname_type_on_launch": "ip-name",
            "tags": {
              "Name": "project_public_subnet_us-west-2b",
              "Public": "true"
            },
            "tags_all": {
              "Name": "project_public_subnet_us-west-2b",
              "Public": "true"
            },
            "timeouts": null,
            "vpc_id": "vpc-00ba11469c57d95b0"
          },
          "sensitive_attributes": [],
          "private": "eyJlMmJmYjczMC1lY2FhLTExZTYtOGY4OC0zNDM2M2JjN2M0YzAiOnsiY3JlYXRlIjo2MDAwMDAwMDAwMDAsImRlbGV0ZSI6MTIwMDAwMDAwMDAwMH0sInNjaGVtYV92ZXJzaW9uIjoiMSJ9",
          "dependencies": [
            "module.project_vpc.aws_vpc.project_vpc",
            "module.project_vpc.data.aws_availability_zones.azs"
          ]
        },
        {
          "index_key": 2,
          "schema_version": 1,
          "attributes": {
            "arn": "arn:aws:ec2:us-west-2:870321390265:subnet/subnet-0f36d4b869f9b1cc0",
            "assign_ipv6_address_on_creation": false,
            "availability_zone": "us-west-2c",
            "availability_zone_id": "usw2-az3",
            "cidr_block": "10.0.3.0/24",
            "customer_owned_ipv4_pool": "",
            "enable_dns64": false,
            "enable_resource_name_dns_a_record_on_launch": false,
            "enable_resource_name_dns_aaaa_record_on_launch": false,
            "id": "subnet-0f36d4b869f9b1cc0",
            "ipv6_cidr_block": "",
            "ipv6_cidr_block_association_id": "",
            "ipv6_native": false,
            "map_customer_owned_ip_on_launch": false,
            "map_public_ip_on_launch": true,
            "outpost_arn": "",
            "owner_id": "870321390265",
            "private_dns_hostname_type_on_launch": "ip-name",
            "tags": {
              "Name": "project_public_subnet_us-west-2c",
              "Public": "true"
            },
            "tags_all": {
              "Name": "project_public_subnet_us-west-2c",
              "Public": "true"
            },
            "timeouts": null,
            "vpc_id": "vpc-00ba11469c57d95b0"
          },
          "sensitive_attributes": [],
          "private": "eyJlMmJmYjczMC1lY2FhLTExZTYtOGY4OC0zNDM2M2JjN2M0YzAiOnsiY3JlYXRlIjo2MDAwMDAwMDAwMDAsImRlbGV0ZSI6MTIwMDAwMDAwMDAwMH0sInNjaGVtYV92ZXJzaW9uIjoiMSJ9",
          "dependencies": [
            "module.project_vpc.aws_vpc.project_vpc",
            "module.project_vpc.data.aws_availability_zones.azs"
          ]
        }
      ]
    },
    {
      "module": "module.project_vpc",
      "mode": "managed",
      "type": "aws_vpc",
      "name": "project_vpc",
      "provider": "module.project_vpc.provider[\"registry.terraform.io/hashicorp/aws\"]",
      "instances": [
        {
          "schema_version": 1,
          "attributes": {
            "arn": "arn:aws:ec2:us-west-2:870321390265:vpc/vpc-00ba11469c57d95b0",
            "assign_generated_ipv6_cidr_block": false,
            "cidr_block": "10.0.0.0/16",
            "default_network_acl_id": "acl-09d4334323942ea41",
            "default_route_table_id": "rtb-08b0d0ed30128e414",
            "default_security_group_id": "sg-0a8825b3ec5eeafcb",
            "dhcp_options_id": "dopt-03a11801c4bdc5760",
            "enable_classiclink": false,
            "enable_classiclink_dns_support": false,
            "enable_dns_hostnames": false,
            "enable_dns_support": true,
            "enable_network_address_usage_metrics": false,
            "id": "vpc-00ba11469c57d95b0",
            "instance_tenancy": "default",
            "ipv4_ipam_pool_id": null,
            "ipv4_netmask_length": null,
            "ipv6_association_id": "",
            "ipv6_cidr_block": "",
            "ipv6_cidr_block_network_border_group": "",
            "ipv6_ipam_pool_id": "",
            "ipv6_netmask_length": 0,
            "main_route_table_id": "rtb-08b0d0ed30128e414",
            "owner_id": "870321390265",
            "tags": {
              "Name": "project-vpc"
            },
            "tags_all": {
              "Name": "project-vpc"
            }
          },
          "sensitive_attributes": [],
          "private": "eyJzY2hlbWFfdmVyc2lvbiI6IjEifQ=="
        }
      ]
    }
  ],
  "check_results": null
}
